// !$*UTF8*$!
{
	archiveVersion = 1;
	classes = {
	};
	objectVersion = 46;
	objects = {

/* Begin PBXBuildFile section */
		59F5F13D1C2D7943000BB4AC /* AppDelegate.swift in Sources */ = {isa = PBXBuildFile; fileRef = 59F5F13C1C2D7943000BB4AC /* AppDelegate.swift */; };
		59F5F13F1C2D7943000BB4AC /* ViewController.swift in Sources */ = {isa = PBXBuildFile; fileRef = 59F5F13E1C2D7943000BB4AC /* ViewController.swift */; };
		59F5F1421C2D7943000BB4AC /* Main.storyboard in Resources */ = {isa = PBXBuildFile; fileRef = 59F5F1401C2D7943000BB4AC /* Main.storyboard */; };
		59F5F1441C2D7943000BB4AC /* Assets.xcassets in Resources */ = {isa = PBXBuildFile; fileRef = 59F5F1431C2D7943000BB4AC /* Assets.xcassets */; };
		59F5F1471C2D7943000BB4AC /* LaunchScreen.storyboard in Resources */ = {isa = PBXBuildFile; fileRef = 59F5F1451C2D7943000BB4AC /* LaunchScreen.storyboard */; };
/* End PBXBuildFile section */

/* Begin PBXFileReference section */
		59F5F1391C2D7943000BB4AC /* tapper.extreme.app */ = {isa = PBXFileReference; explicitFileType = wrapper.application; includeInIndex = 0; path = tapper.extreme.app; sourceTree = BUILT_PRODUCTS_DIR; };
		59F5F13C1C2D7943000BB4AC /* AppDelegate.swift */ = {isa = PBXFileReference; lastKnownFileType = sourcecode.swift; path = AppDelegate.swift; sourceTree = "<group>"; };
		59F5F13E1C2D7943000BB4AC /* ViewController.swift */ = {isa = PBXFileReference; lastKnownFileType = sourcecode.swift; path = ViewController.swift; sourceTree = "<group>"; };
		59F5F1411C2D7943000BB4AC /* Base */ = {isa = PBXFileReference; lastKnownFileType = file.storyboard; name = Base; path = Base.lproj/Main.storyboard; sourceTree = "<group>"; };
		59F5F1431C2D7943000BB4AC /* Assets.xcassets */ = {isa = PBXFileReference; lastKnownFileType = folder.assetcatalog; path = Assets.xcassets; sourceTree = "<group>"; };
		59F5F1461C2D7943000BB4AC /* Base */ = {isa = PBXFileReference; lastKnownFileType = file.storyboard; name = Base; path = Base.lproj/LaunchScreen.storyboard; sourceTree = "<group>"; };
		59F5F1481C2D7943000BB4AC /* Info.plist */ = {isa = PBXFileReference; lastKnownFileType = text.plist.xml; path = Info.plist; sourceTree = "<group>"; };
/* End PBXFileReference section */

/* Begin PBXFrameworksBuildPhase section */
		59F5F1361C2D7943000BB4AC /* Frameworks */ = {
			isa = PBXFrameworksBuildPhase;
			buildActionMask = 2147483647;
			files = (
			);
			runOnlyForDeploymentPostprocessing = 0;
		};
/* End PBXFrameworksBuildPhase section */

/* Begin PBXGroup section */
		59F5F1301C2D7942000BB4AC = {
			isa = PBXGroup;
			children = (
				59F5F13B1C2D7943000BB4AC /* tapper.extreme */,
				59F5F13A1C2D7943000BB4AC /* Products */,
			);
			sourceTree = "<group>";
		};
		59F5F13A1C2D7943000BB4AC /* Products */ = {
			isa = PBXGroup;
			children = (
				59F5F1391C2D7943000BB4AC /* tapper.extreme.app */,
			);
			name = Products;
			sourceTree = "<group>";
		};
		59F5F13B1C2D7943000BB4AC /* tapper.extreme */ = {
			isa = PBXGroup;
			children = (
				59F5F13C1C2D7943000BB4AC /* AppDelegate.swift */,
				59F5F13E1C2D7943000BB4AC /* ViewController.swift */,
				59F5F1401C2D7943000BB4AC /* Main.storyboard */,
				59F5F1431C2D7943000BB4AC /* Assets.xcassets */,
				59F5F1451C2D7943000BB4AC /* LaunchScreen.storyboard */,
				59F5F1481C2D7943000BB4AC /* Info.plist */,
			);
			path = tapper.extreme;
			sourceTree = "<group>";
		};
/* End PBXGroup section */

/* Begin PBXNativeTarget section */
		59F5F1381C2D7943000BB4AC /* tapper.extreme */ = {
			isa = PBXNativeTarget;
			buildConfigurationList = 59F5F14B1C2D7943000BB4AC /* Build configuration list for PBXNativeTarget "tapper.extreme" */;
			buildPhases = (
				59F5F1351C2D7943000BB4AC /* Sources */,
				59F5F1361C2D7943000BB4AC /* Frameworks */,
				59F5F1371C2D7943000BB4AC /* Resources */,
			);
			buildRules = (
			);
			dependencies = (
			);
			name = tapper.extreme;
			productName = tapper.extreme;
			productReference = 59F5F1391C2D7943000BB4AC /* tapper.extreme.app */;
			productType = "com.apple.product-type.application";
		};
/* End PBXNativeTarget section */

/* Begin PBXProject section */
		59F5F1311C2D7942000BB4AC /* Project object */ = {
			isa = PBXProject;
			attributes = {
				LastSwiftUpdateCheck = 0720;
				LastUpgradeCheck = 0720;
				ORGANIZATIONNAME = "Carl Henningsson";
				TargetAttributes = {
					59F5F1381C2D7943000BB4AC = {
						CreatedOnToolsVersion = 7.2;
					};
				};
			};
			buildConfigurationList = 59F5F1341C2D7942000BB4AC /* Build configuration list for PBXProject "tapper.extreme" */;
			compatibilityVersion = "Xcode 3.2";
			developmentRegion = English;
			hasScannedForEncodings = 0;
			knownRegions = (
				en,
				Base,
			);
			mainGroup = 59F5F1301C2D7942000BB4AC;
			productRefGroup = 59F5F13A1C2D7943000BB4AC /* Products */;
			projectDirPath = "";
			projectRoot = "";
			targets = (
				59F5F1381C2D7943000BB4AC /* tapper.extreme */,
			);
		};
/* End PBXProject section */

/* Begin PBXResourcesBuildPhase section */
		59F5F1371C2D7943000BB4AC /* Resources */ = {
			isa = PBXResourcesBuildPhase;
			buildActionMask = 2147483647;
			files = (
				59F5F1471C2D7943000BB4AC /* LaunchScreen.storyboard in Resources */,
				59F5F1441C2D7943000BB4AC /* Assets.xcassets in Resources */,
				59F5F1421C2D7943000BB4AC /* Main.storyboard in Resources */,
			);
			runOnlyForDeploymentPostprocessing = 0;
		};
/* End PBXResourcesBuildPhase section */

/* Begin PBXSourcesBuildPhase section */
		59F5F1351C2D7943000BB4AC /* Sources */ = {
			isa = PBXSourcesBuildPhase;
			buildActionMask = 2147483647;
			files = (
				59F5F13F1C2D7943000BB4AC /* ViewController.swift in Sources */,
				59F5F13D1C2D7943000BB4AC /* AppDelegate.swift in Sources */,
			);
			runOnlyForDeploymentPostprocessing = 0;
		};
/* End PBXSourcesBuildPhase section */

/* Begin PBXVariantGroup section */
		59F5F1401C2D7943000BB4AC /* Main.storyboard */ = {
			isa = PBXVariantGroup;
			children = (
				59F5F1411C2D7943000BB4AC /* Base */,
			);
			name = Main.storyboard;
			sourceTree = "<group>";
		};
		59F5F1451C2D7943000BB4AC /* LaunchScreen.storyboard */ = {
			isa = PBXVariantGroup;
			children = (
				59F5F1461C2D7943000BB4AC /* Base */,
			);
			name = LaunchScreen.storyboard;
			sourceTree = "<group>";
		};
/* End PBXVariantGroup section */

/* Begin XCBuildConfiguration section */
		59F5F1491C2D7943000BB4AC /* Debug */ = {
			isa = XCBuildConfiguration;
			buildSettings = {
				ALWAYS_SEARCH_USER_PATHS = NO;
				CLANG_CXX_LANGUAGE_STANDARD = "gnu++0x";
				CLANG_CXX_LIBRARY = "libc++";
				CLANG_ENABLE_MODULES = YES;
				CLANG_ENABLE_OBJC_ARC = YES;
				CLANG_WARN_BOOL_CONVERSION = YES;
				CLANG_WARN_CONSTANT_CONVERSION = YES;
				CLANG_WARN_DIRECT_OBJC_ISA_USAGE = YES_ERROR;
				CLANG_WARN_EMPTY_BODY = YES;
				CLANG_WARN_ENUM_CONVERSION = YES;
				CLANG_WARN_INT_CONVERSION = YES;
				CLANG_WARN_OBJC_ROOT_CLASS = YES_ERROR;
				CLANG_WARN_UNREACHABLE_CODE = YES;
				CLANG_WARN__DUPLICATE_METHOD_MATCH = YES;
				"CODE_SIGN_IDENTITY[sdk=iphoneos*]" = "iPhone Developer";
				COPY_PHASE_STRIP = NO;
				DEBUG_INFORMATION_FORMAT = dwarf;
				ENABLE_STRICT_OBJC_MSGSEND = YES;
				ENABLE_TESTABILITY = YES;
				GCC_C_LANGUAGE_STANDARD = gnu99;
				GCC_DYNAMIC_NO_PIC = NO;
				GCC_NO_COMMON_BLOCKS = YES;
				GCC_OPTIMIZATION_LEVEL = 0;
				GCC_PREPROCESSOR_DEFINITIONS = (
					"DEBUG=1",
					"$(inherited)",
				);
				GCC_WARN_64_TO_32_BIT_CONVERSION = YES;
				GCC_WARN_ABOUT_RETURN_TYPE = YES_ERROR;
				GCC_WARN_UNDECLARED_SELECTOR = YES;
				GCC_WARN_UNINITIALIZED_AUTOS = YES_AGGRESSIVE;
				GCC_WARN_UNUSED_FUNCTION = YES;
				GCC_WARN_UNUSED_VARIABLE = YES;
				IPHONEOS_DEPLOYMENT_TARGET = 9.2;
				MTL_ENABLE_DEBUG_INFO = YES;
				ONLY_ACTIVE_ARCH = YES;
				SDKROOT = iphoneos;
				SWIFT_OPTIMIZATION_LEVEL = "-Onone";
			};
			name = Debug;
		};
		59F5F14A1C2D7943000BB4AC /* Release */ = {
			isa = XCBuildConfiguration;
			buildSettings = {
				ALWAYS_SEARCH_USER_PATHS = NO;
				CLANG_CXX_LANGUAGE_STANDARD = "gnu++0x";
				CLANG_CXX_LIBRARY = "libc++";
				CLANG_ENABLE_MODULES = YES;
				CLANG_ENABLE_OBJC_ARC = YES;
				CLANG_WARN_BOOL_CONVERSION = YES;
				CLANG_WARN_CONSTANT_CONVERSION = YES;
				CLANG_WARN_DIRECT_OBJC_ISA_USAGE = YES_ERROR;
				CLANG_WARN_EMPTY_BODY = YES;
				CLANG_WARN_ENUM_CONVERSION = YES;
				CLANG_WARN_INT_CONVERSION = YES;
				CLANG_WARN_OBJC_ROOT_CLASS = YES_ERROR;
				CLANG_WARN_UNREACHABLE_CODE = YES;
				CLANG_WARN__DUPLICATE_METHOD_MATCH = YES;
				"CODE_SIGN_IDENTITY[sdk=iphoneos*]" = "iPhone Developer";
				COPY_PHASE_STRIP = NO;
				DEBUG_INFORMATION_FORMAT = "dwarf-with-dsym";
				ENABLE_NS_ASSERTIONS = NO;
				ENABLE_STRICT_OBJC_MSGSEND = YES;
				GCC_C_LANGUAGE_STANDARD = gnu99;
				GCC_NO_COMMON_BLOCKS = YES;
				GCC_WARN_64_TO_32_BIT_CONVERSION = YES;
				GCC_WARN_ABOUT_RETURN_TYPE = YES_ERROR;
				GCC_WARN_UNDECLARED_SELECTOR = YES;
				GCC_WARN_UNINITIALIZED_AUTOS = YES_AGGRESSIVE;
				GCC_WARN_UNUSED_FUNCTION = YES;
				GCC_WARN_UNUSED_VARIABLE = YES;
				IPHONEOS_DEPLOYMENT_TARGET = 9.2;
				MTL_ENABLE_DEBUG_INFO = NO;
				SDKROOT = iphoneos;
				VALIDATE_PRODUCT = YES;
			};
			name = Release;
		};
		59F5F14C1C2D7943000BB4AC /* Debug */ = {
			isa = XCBuildConfiguration;
			buildSettings = {
				ASSETCATALOG_COMPILER_APPICON_NAME = AppIcon;
				INFOPLIST_FILE = tapper.extreme/Info.plist;
				LD_RUNPATH_SEARCH_PATHS = "$(inherited) @executable_path/Frameworks";
				PRODUCT_BUNDLE_IDENTIFIER = "ka.tapper-extreme";
				PRODUCT_NAME = "$(TARGET_NAME)";
			};
			name = Debug;
		};
		59F5F14D1C2D7943000BB4AC /* Release */ = {
			isa = XCBuildConfiguration;
			buildSettings = {
				ASSETCATALOG_COMPILER_APPICON_NAME = AppIcon;
				INFOPLIST_FILE = tapper.extreme/Info.plist;
				LD_RUNPATH_SEARCH_PATHS = "$(inherited) @executable_path/Frameworks";
				PRODUCT_BUNDLE_IDENTIFIER = "ka.tapper-extreme";
				PRODUCT_NAME = "$(TARGET_NAME)";
			};
			name = Release;
		};
/* End XCBuildConfiguration section */

/* Begin XCConfigurationList section */
		59F5F1341C2D7942000BB4AC /* Build configuration list for PBXProject "tapper.extreme" */ = {
			isa = XCConfigurationList;
			buildConfigurations = (
				59F5F1491C2D7943000BB4AC /* Debug */,
				59F5F14A1C2D7943000BB4AC /* Release */,
			);
			defaultConfigurationIsVisible = 0;
			defaultConfigurationName = Release;
		};
		59F5F14B1C2D7943000BB4AC /* Build configuration list for PBXNativeTarget "tapper.extreme" */ = {
			isa = XCConfigurationList;
			buildConfigurations = (
				59F5F14C1C2D7943000BB4AC /* Debug */,
				59F5F14D1C2D7943000BB4AC /* Release */,
			);
			defaultConfigurationIsVisible = 0;
		};
/* End XCConfigurationList section */
	};
	rootObject = 59F5F1311C2D7942000BB4AC /* Project object */;
}
